{
    "_readme": [
        "This file locks the dependencies of your project to a known state",
        "Read more about it at https://getcomposer.org/doc/01-basic-usage.md#composer-lock-the-lock-file",
        "This file is @generated automatically"
    ],
    "hash": "5a00cecb0d41504e3923c7c9ea39813c",
    "content-hash": "5091a3830efe4453c0026996184c03e3",
    "packages": [
        {
            "name": "phpseclib/phpseclib",
            "version": "2.0.4",
            "source": {
                "type": "git",
                "url": "https://github.com/phpseclib/phpseclib.git",
                "reference": "ab8028c93c03cc8d9c824efa75dc94f1db2369bf"
            },
            "dist": {
                "type": "zip",
                "url": "https://files.phpcomposer.com/files/phpseclib/phpseclib/ab8028c93c03cc8d9c824efa75dc94f1db2369bf.zip",
                "reference": "ab8028c93c03cc8d9c824efa75dc94f1db2369bf",
                "shasum": ""
            },
            "require": {
                "php": ">=5.3.3"
            },
            "require-dev": {
                "phing/phing": "~2.7",
                "phpunit/phpunit": "~4.0",
                "sami/sami": "~2.0",
                "squizlabs/php_codesniffer": "~2.0"
            },
            "suggest": {
                "ext-gmp": "Install the GMP (GNU Multiple Precision) extension in order to speed up arbitrary precision integer arithmetic operations.",
                "ext-libsodium": "SSH2/SFTP can make use of some algorithms provided by the libsodium-php extension.",
                "ext-mcrypt": "Install the Mcrypt extension in order to speed up a few other cryptographic operations.",
                "ext-openssl": "Install the OpenSSL extension in order to speed up a wide variety of cryptographic operations."
            },
            "type": "library",
            "autoload": {
                "files": [
                    "phpseclib/bootstrap.php"
                ],
                "psr-4": {
                    "phpseclib\\": "phpseclib/"
                }
            },
            "notification-url": "https://packagist.org/downloads/",
            "license": [
                "MIT"
            ],
            "authors": [
                {
                    "name": "Jim Wigginton",
                    "email": "terrafrost@php.net",
                    "role": "Lead Developer"
                },
                {
                    "name": "Patrick Monnerat",
                    "email": "pm@datasphere.ch",
                    "role": "Developer"
                },
                {
                    "name": "Andreas Fischer",
                    "email": "bantu@phpbb.com",
                    "role": "Developer"
                },
                {
                    "name": "Hans-Jürgen Petrich",
                    "email": "petrich@tronic-media.com",
                    "role": "Developer"
                },
                {
                    "name": "Graham Campbell",
                    "email": "graham@alt-three.com",
                    "role": "Developer"
                }
            ],
            "description": "PHP Secure Communications Library - Pure-PHP implementations of RSA, AES, SSH2, SFTP, X.509 etc.",
            "homepage": "http://phpseclib.sourceforge.net",
            "keywords": [
                "BigInteger",
                "aes",
                "asn.1",
                "asn1",
                "blowfish",
                "crypto",
                "cryptography",
                "encryption",
                "rsa",
                "security",
                "sftp",
                "signature",
                "signing",
                "ssh",
                "twofish",
                "x.509",
                "x509"
            ],
            "time": "2016-10-04 00:57:04"
        },
        {
            "name": "topthink/framework",
            "version": "v5.0.7",
            "source": {
                "type": "git",
                "url": "https://github.com/top-think/framework.git",
                "reference": "bcf64f19f4fadbff6c8503891689ff7e6f2fe9a3"
            },
            "dist": {
                "type": "zip",
                "url": "https://files.phpcomposer.com/files/top-think/framework/bcf64f19f4fadbff6c8503891689ff7e6f2fe9a3.zip",
                "reference": "bcf64f19f4fadbff6c8503891689ff7e6f2fe9a3",
                "shasum": ""
            },
            "require": {
                "php": ">=5.4.0",
                "topthink/think-installer": "~1.0"
            },
            "require-dev": {
                "johnkary/phpunit-speedtrap": "^1.0",
                "mikey179/vfsstream": "~1.6",
                "phpdocumentor/reflection-docblock": "^2.0",
                "phploc/phploc": "2.*",
                "phpunit/phpunit": "4.8.*",
                "sebastian/phpcpd": "2.*"
            },
            "type": "think-framework",
            "autoload": {
                "psr-4": {
                    "think\\": "library/think"
                }
            },
            "notification-url": "https://packagist.org/downloads/",
            "license": [
                "Apache-2.0"
            ],
            "authors": [
                {
                    "name": "liu21st",
                    "email": "liu21st@gmail.com"
                }
            ],
            "description": "the new thinkphp framework",
            "homepage": "http://thinkphp.cn/",
            "keywords": [
                "framework",
                "orm",
                "thinkphp"
            ],
            "time": "2017-02-25 02:51:57"
        },
        {
            "name": "topthink/think-image",
            "version": "v1.0.7",
            "source": {
                "type": "git",
                "url": "https://github.com/top-think/think-image.git",
                "reference": "8586cf47f117481c6d415b20f7dedf62e79d5512"
            },
            "dist": {
                "type": "zip",
                "url": "https://files.phpcomposer.com/files/top-think/think-image/8586cf47f117481c6d415b20f7dedf62e79d5512.zip",
                "reference": "8586cf47f117481c6d415b20f7dedf62e79d5512",
                "shasum": ""
            },
            "require": {
                "ext-gd": "*"
            },
            "require-dev": {
                "phpunit/phpunit": "4.8.*",
                "topthink/framework": "^5.0"
            },
            "type": "library",
            "autoload": {
                "psr-4": {
                    "think\\": "src"
                }
            },
            "notification-url": "https://packagist.org/downloads/",
            "license": [
                "Apache-2.0"
            ],
            "authors": [
                {
                    "name": "yunwuxin",
                    "email": "448901948@qq.com"
                }
            ],
            "description": "The ThinkPHP5 Image Package",
            "time": "2016-09-29 06:05:43"
        },
        {
            "name": "topthink/think-installer",
            "version": "v1.0.11",
            "source": {
                "type": "git",
                "url": "https://github.com/top-think/think-installer.git",
                "reference": "4c6e1ebecd1afce3f4ccc47e147d61bbe1bf641d"
            },
            "dist": {
                "type": "zip",
                "url": "https://files.phpcomposer.com/files/top-think/think-installer/4c6e1ebecd1afce3f4ccc47e147d61bbe1bf641d.zip",
                "reference": "4c6e1ebecd1afce3f4ccc47e147d61bbe1bf641d",
                "shasum": ""
            },
            "require": {
                "composer-plugin-api": "^1.0"
            },
            "require-dev": {
                "composer/composer": "1.0.*@dev"
            },
            "type": "composer-plugin",
            "extra": {
                "class": "think\\composer\\Plugin"
            },
            "autoload": {
                "psr-4": {
                    "think\\composer\\": "src"
                }
            },
            "notification-url": "https://packagist.org/downloads/",
            "license": [
                "Apache-2.0"
            ],
            "authors": [
                {
                    "name": "yunwuxin",
                    "email": "448901948@qq.com"
                }
            ],
            "time": "2016-12-01 09:08:45"
        }
    ],
    "packages-dev": [],
    "aliases": [],
    "minimum-stability": "stable",
    "stability-flags": [],
    "prefer-stable": false,
    "prefer-lowest": false,
    "platform": {
        "php": ">=5.4.0"
    },
    "platform-dev": []
}
